
Microsoft Visual Studio Solution File, Format Version 12.00
# Visual Studio 14
VisualStudioVersion = 14.0.25123.0
MinimumVisualStudioVersion = 10.0.40219.1
Project("{FAE04EC0-301F-11D3-BF4B-00C04F79EFBC}") = "FundManager", "FundManager\FundManager.csproj", "{94EEDBE1-33B2-4664-A60C-DAFCCC31AE19}"
EndProject
Project("{FAE04EC0-301F-11D3-BF4B-00C04F79EFBC}") = "FundManagerTests", "FundManagerTests\FundManagerTests.csproj", "{D9A3C4E0-D2B7-48DA-8FF5-CE871BF6B5DC}"
EndProject
Global
	GlobalSection(SolutionConfigurationPlatforms) = preSolution
		Debug|Any CPU = Debug|Any CPU
		Release|Any CPU = Release|Any CPU
	EndGlobalSection
	GlobalSection(ProjectConfigurationPlatforms) = postSolution
		{94EEDBE1-33B2-4664-A60C-DAFCCC31AE19}.Debug|Any CPU.ActiveCfg = Debug|Any CPU
		{94EEDBE1-33B2-4664-A60C-DAFCCC31AE19}.Debug|Any CPU.Build.0 = Debug|Any CPU
		{94EEDBE1-33B2-4664-A60C-DAFCCC31AE19}.Release|Any CPU.ActiveCfg = Release|Any CPU
		{94EEDBE1-33B2-4664-A60C-DAFCCC31AE19}.Release|Any CPU.Build.0 = Release|Any CPU
		{D9A3C4E0-D2B7-48DA-8FF5-CE871BF6B5DC}.Debug|Any CPU.ActiveCfg = Debug|Any CPU
		{D9A3C4E0-D2B7-48DA-8FF5-CE871BF6B5DC}.Debug|Any CPU.Build.0 = Debug|Any CPU
		{D9A3C4E0-D2B7-48DA-8FF5-CE871BF6B5DC}.Release|Any CPU.ActiveCfg = Release|Any CPU
		{D9A3C4E0-D2B7-48DA-8FF5-CE871BF6B5DC}.Release|Any CPU.Build.0 = Release|Any CPU
	EndGlobalSection
	GlobalSection(SolutionProperties) = preSolution
		HideSolutionNode = FALSE
	EndGlobalSection
EndGlobal
